
Microsoft Visual Studio Solution File, Format Version 12.00
# Visual Studio 2013
VisualStudioVersion = 12.0.31101.0
MinimumVisualStudioVersion = 10.0.40219.1
Project("{FAE04EC0-301F-11D3-BF4B-00C04F79EFBC}") = "RelaxedWinner", "EscapeEloHell\RelaxedWinner.csproj", "{7BD1F5D8-39BA-4312-8EBB-7C2D9D2A4DB0}"
EndProject
Project("{FAE04EC0-301F-11D3-BF4B-00C04F79EFBC}") = "RelaxedWinnerTest", "EscapeEloHellUnitTest\RelaxedWinnerTest.csproj", "{B1E13564-6ECA-4302-B897-4825E7E7D09C}"
EndProject
Project("{FAE04EC0-301F-11D3-BF4B-00C04F79EFBC}") = "RelaxedWinnerDll", "EscapeEloHellDll\RelaxedWinnerDll.csproj", "{B414456F-98A6-4A31-B27B-259C346434AE}"
EndProject
Project("{FAE04EC0-301F-11D3-BF4B-00C04F79EFBC}") = "Surrender", "Surrender\Surrender.csproj", "{28DB647C-4E18-4E97-AD17-8C06CCBBA13B}"
EndProject
Project("{FAE04EC0-301F-11D3-BF4B-00C04F79EFBC}") = "OnGameEndLeave", "OnGameEndLeave\OnGameEndLeave.csproj", "{E3592097-2E44-463F-AB3C-06B394FA4784}"
EndProject
Project("{FAE04EC0-301F-11D3-BF4B-00C04F79EFBC}") = "UseTeleportWithFullHealth", "UseTeleportWithFullHealth\UseTeleportWithFullHealth.csproj", "{D4D900DE-66A3-413B-9DA1-397623458BC2}"
EndProject
Project("{FAE04EC0-301F-11D3-BF4B-00C04F79EFBC}") = "UseTeleportWithFullHealthTest", "UseTeleportWithFullHealthTest\UseTeleportWithFullHealthTest.csproj", "{966668E3-A807-4BD8-92E8-05B2BB3D7A9F}"
EndProject
Project("{FAE04EC0-301F-11D3-BF4B-00C04F79EFBC}") = "UseTeleportWithFullHealthDll", "UseTeleportWithFullHealthDll\UseTeleportWithFullHealthDll.csproj", "{490603CA-F8B2-4C1B-842F-6DBB5EE0D8F8}"
EndProject
Project("{2150E333-8FDC-42A3-9474-1A3956D46DE8}") = "Outdated", "Outdated", "{5E46EC29-C49F-4D74-9742-18FA9C35EDAF}"
EndProject
Project("{2150E333-8FDC-42A3-9474-1A3956D46DE8}") = "Champions", "Champions", "{B09DE2F9-9436-481F-AF90-95B41C0D4691}"
EndProject
Project("{2150E333-8FDC-42A3-9474-1A3956D46DE8}") = "Ultility", "Ultility", "{D307EF66-CF3C-4C82-BCDA-78D6F809B5CB}"
EndProject
Project("{FAE04EC0-301F-11D3-BF4B-00C04F79EFBC}") = "FlawlessKalistaTest", "FlawlessKalistaTest\FlawlessKalistaTest.csproj", "{CCB89CC8-CCFE-44FE-9367-CAE0ADEE5630}"
EndProject
Project("{2150E333-8FDC-42A3-9474-1A3956D46DE8}") = "AI", "AI", "{B6CDF7EB-C594-492F-88F4-49074C7165D5}"
EndProject
Project("{FAE04EC0-301F-11D3-BF4B-00C04F79EFBC}") = "AIBuyRecommandedItems", "AIBuyRecommandedItems\AIBuyRecommandedItems.csproj", "{0CE6297C-4342-4CBD-8486-8B5D23A915B6}"
EndProject
Global
	GlobalSection(SolutionConfigurationPlatforms) = preSolution
		Debug|Any CPU = Debug|Any CPU
		Debug|Mixed Platforms = Debug|Mixed Platforms
		Debug|x86 = Debug|x86
		Release|Any CPU = Release|Any CPU
		Release|Mixed Platforms = Release|Mixed Platforms
		Release|x86 = Release|x86
	EndGlobalSection
	GlobalSection(ProjectConfigurationPlatforms) = postSolution
		{7BD1F5D8-39BA-4312-8EBB-7C2D9D2A4DB0}.Debug|Any CPU.ActiveCfg = Release|Any CPU
		{7BD1F5D8-39BA-4312-8EBB-7C2D9D2A4DB0}.Debug|Any CPU.Build.0 = Release|Any CPU
		{7BD1F5D8-39BA-4312-8EBB-7C2D9D2A4DB0}.Debug|Mixed Platforms.ActiveCfg = Debug|x86
		{7BD1F5D8-39BA-4312-8EBB-7C2D9D2A4DB0}.Debug|Mixed Platforms.Build.0 = Debug|x86
		{7BD1F5D8-39BA-4312-8EBB-7C2D9D2A4DB0}.Debug|x86.ActiveCfg = Debug|x86
		{7BD1F5D8-39BA-4312-8EBB-7C2D9D2A4DB0}.Debug|x86.Build.0 = Debug|x86
		{7BD1F5D8-39BA-4312-8EBB-7C2D9D2A4DB0}.Release|Any CPU.ActiveCfg = Release|Any CPU
		{7BD1F5D8-39BA-4312-8EBB-7C2D9D2A4DB0}.Release|Any CPU.Build.0 = Release|Any CPU
		{7BD1F5D8-39BA-4312-8EBB-7C2D9D2A4DB0}.Release|Mixed Platforms.ActiveCfg = Release|x86
		{7BD1F5D8-39BA-4312-8EBB-7C2D9D2A4DB0}.Release|Mixed Platforms.Build.0 = Release|x86
		{7BD1F5D8-39BA-4312-8EBB-7C2D9D2A4DB0}.Release|x86.ActiveCfg = Release|x86
		{7BD1F5D8-39BA-4312-8EBB-7C2D9D2A4DB0}.Release|x86.Build.0 = Release|x86
		{B1E13564-6ECA-4302-B897-4825E7E7D09C}.Debug|Any CPU.ActiveCfg = Release|Any CPU
		{B1E13564-6ECA-4302-B897-4825E7E7D09C}.Debug|Any CPU.Build.0 = Release|Any CPU
		{B1E13564-6ECA-4302-B897-4825E7E7D09C}.Debug|Mixed Platforms.ActiveCfg = Debug|x86
		{B1E13564-6ECA-4302-B897-4825E7E7D09C}.Debug|Mixed Platforms.Build.0 = Debug|x86
		{B1E13564-6ECA-4302-B897-4825E7E7D09C}.Debug|x86.ActiveCfg = Debug|x86
		{B1E13564-6ECA-4302-B897-4825E7E7D09C}.Debug|x86.Build.0 = Debug|x86
		{B1E13564-6ECA-4302-B897-4825E7E7D09C}.Release|Any CPU.ActiveCfg = Release|Any CPU
		{B1E13564-6ECA-4302-B897-4825E7E7D09C}.Release|Any CPU.Build.0 = Release|Any CPU
		{B1E13564-6ECA-4302-B897-4825E7E7D09C}.Release|Mixed Platforms.ActiveCfg = Release|x86
		{B1E13564-6ECA-4302-B897-4825E7E7D09C}.Release|Mixed Platforms.Build.0 = Release|x86
		{B1E13564-6ECA-4302-B897-4825E7E7D09C}.Release|x86.ActiveCfg = Release|x86
		{B1E13564-6ECA-4302-B897-4825E7E7D09C}.Release|x86.Build.0 = Release|x86
		{B414456F-98A6-4A31-B27B-259C346434AE}.Debug|Any CPU.ActiveCfg = Debug|Any CPU
		{B414456F-98A6-4A31-B27B-259C346434AE}.Debug|Any CPU.Build.0 = Debug|Any CPU
		{B414456F-98A6-4A31-B27B-259C346434AE}.Debug|Mixed Platforms.ActiveCfg = Debug|Any CPU
		{B414456F-98A6-4A31-B27B-259C346434AE}.Debug|Mixed Platforms.Build.0 = Debug|Any CPU
		{B414456F-98A6-4A31-B27B-259C346434AE}.Debug|x86.ActiveCfg = Debug|Any CPU
		{B414456F-98A6-4A31-B27B-259C346434AE}.Release|Any CPU.ActiveCfg = Release|Any CPU
		{B414456F-98A6-4A31-B27B-259C346434AE}.Release|Any CPU.Build.0 = Release|Any CPU
		{B414456F-98A6-4A31-B27B-259C346434AE}.Release|Mixed Platforms.ActiveCfg = Release|Any CPU
		{B414456F-98A6-4A31-B27B-259C346434AE}.Release|Mixed Platforms.Build.0 = Release|Any CPU
		{B414456F-98A6-4A31-B27B-259C346434AE}.Release|x86.ActiveCfg = Release|Any CPU
		{28DB647C-4E18-4E97-AD17-8C06CCBBA13B}.Debug|Any CPU.ActiveCfg = Debug|Any CPU
		{28DB647C-4E18-4E97-AD17-8C06CCBBA13B}.Debug|Any CPU.Build.0 = Debug|Any CPU
		{28DB647C-4E18-4E97-AD17-8C06CCBBA13B}.Debug|Mixed Platforms.ActiveCfg = Debug|Any CPU
		{28DB647C-4E18-4E97-AD17-8C06CCBBA13B}.Debug|Mixed Platforms.Build.0 = Debug|Any CPU
		{28DB647C-4E18-4E97-AD17-8C06CCBBA13B}.Debug|x86.ActiveCfg = Debug|Any CPU
		{28DB647C-4E18-4E97-AD17-8C06CCBBA13B}.Release|Any CPU.ActiveCfg = Release|Any CPU
		{28DB647C-4E18-4E97-AD17-8C06CCBBA13B}.Release|Any CPU.Build.0 = Release|Any CPU
		{28DB647C-4E18-4E97-AD17-8C06CCBBA13B}.Release|Mixed Platforms.ActiveCfg = Release|Any CPU
		{28DB647C-4E18-4E97-AD17-8C06CCBBA13B}.Release|Mixed Platforms.Build.0 = Release|Any CPU
		{28DB647C-4E18-4E97-AD17-8C06CCBBA13B}.Release|x86.ActiveCfg = Release|Any CPU
		{E3592097-2E44-463F-AB3C-06B394FA4784}.Debug|Any CPU.ActiveCfg = Debug|Any CPU
		{E3592097-2E44-463F-AB3C-06B394FA4784}.Debug|Any CPU.Build.0 = Debug|Any CPU
		{E3592097-2E44-463F-AB3C-06B394FA4784}.Debug|Mixed Platforms.ActiveCfg = Debug|Any CPU
		{E3592097-2E44-463F-AB3C-06B394FA4784}.Debug|Mixed Platforms.Build.0 = Debug|Any CPU
		{E3592097-2E44-463F-AB3C-06B394FA4784}.Debug|x86.ActiveCfg = Debug|Any CPU
		{E3592097-2E44-463F-AB3C-06B394FA4784}.Release|Any CPU.ActiveCfg = Release|Any CPU
		{E3592097-2E44-463F-AB3C-06B394FA4784}.Release|Any CPU.Build.0 = Release|Any CPU
		{E3592097-2E44-463F-AB3C-06B394FA4784}.Release|Mixed Platforms.ActiveCfg = Release|Any CPU
		{E3592097-2E44-463F-AB3C-06B394FA4784}.Release|Mixed Platforms.Build.0 = Release|Any CPU
		{E3592097-2E44-463F-AB3C-06B394FA4784}.Release|x86.ActiveCfg = Release|Any CPU
		{D4D900DE-66A3-413B-9DA1-397623458BC2}.Debug|Any CPU.ActiveCfg = Debug|Any CPU
		{D4D900DE-66A3-413B-9DA1-397623458BC2}.Debug|Any CPU.Build.0 = Debug|Any CPU
		{D4D900DE-66A3-413B-9DA1-397623458BC2}.Debug|Mixed Platforms.ActiveCfg = Debug|Any CPU
		{D4D900DE-66A3-413B-9DA1-397623458BC2}.Debug|Mixed Platforms.Build.0 = Debug|Any CPU
		{D4D900DE-66A3-413B-9DA1-397623458BC2}.Debug|x86.ActiveCfg = Debug|Any CPU
		{D4D900DE-66A3-413B-9DA1-397623458BC2}.Release|Any CPU.ActiveCfg = Release|Any CPU
		{D4D900DE-66A3-413B-9DA1-397623458BC2}.Release|Any CPU.Build.0 = Release|Any CPU
		{D4D900DE-66A3-413B-9DA1-397623458BC2}.Release|Mixed Platforms.ActiveCfg = Release|Any CPU
		{D4D900DE-66A3-413B-9DA1-397623458BC2}.Release|Mixed Platforms.Build.0 = Release|Any CPU
		{D4D900DE-66A3-413B-9DA1-397623458BC2}.Release|x86.ActiveCfg = Release|Any CPU
		{966668E3-A807-4BD8-92E8-05B2BB3D7A9F}.Debug|Any CPU.ActiveCfg = Debug|Any CPU
		{966668E3-A807-4BD8-92E8-05B2BB3D7A9F}.Debug|Any CPU.Build.0 = Debug|Any CPU
		{966668E3-A807-4BD8-92E8-05B2BB3D7A9F}.Debug|Mixed Platforms.ActiveCfg = Debug|Any CPU
		{966668E3-A807-4BD8-92E8-05B2BB3D7A9F}.Debug|Mixed Platforms.Build.0 = Debug|Any CPU
		{966668E3-A807-4BD8-92E8-05B2BB3D7A9F}.Debug|x86.ActiveCfg = Debug|Any CPU
		{966668E3-A807-4BD8-92E8-05B2BB3D7A9F}.Release|Any CPU.ActiveCfg = Release|Any CPU
		{966668E3-A807-4BD8-92E8-05B2BB3D7A9F}.Release|Any CPU.Build.0 = Release|Any CPU
		{966668E3-A807-4BD8-92E8-05B2BB3D7A9F}.Release|Mixed Platforms.ActiveCfg = Release|Any CPU
		{966668E3-A807-4BD8-92E8-05B2BB3D7A9F}.Release|Mixed Platforms.Build.0 = Release|Any CPU
		{966668E3-A807-4BD8-92E8-05B2BB3D7A9F}.Release|x86.ActiveCfg = Release|Any CPU
		{490603CA-F8B2-4C1B-842F-6DBB5EE0D8F8}.Debug|Any CPU.ActiveCfg = Debug|Any CPU
		{490603CA-F8B2-4C1B-842F-6DBB5EE0D8F8}.Debug|Any CPU.Build.0 = Debug|Any CPU
		{490603CA-F8B2-4C1B-842F-6DBB5EE0D8F8}.Debug|Mixed Platforms.ActiveCfg = Debug|Any CPU
		{490603CA-F8B2-4C1B-842F-6DBB5EE0D8F8}.Debug|Mixed Platforms.Build.0 = Debug|Any CPU
		{490603CA-F8B2-4C1B-842F-6DBB5EE0D8F8}.Debug|x86.ActiveCfg = Debug|Any CPU
		{490603CA-F8B2-4C1B-842F-6DBB5EE0D8F8}.Release|Any CPU.ActiveCfg = Release|Any CPU
		{490603CA-F8B2-4C1B-842F-6DBB5EE0D8F8}.Release|Any CPU.Build.0 = Release|Any CPU
		{490603CA-F8B2-4C1B-842F-6DBB5EE0D8F8}.Release|Mixed Platforms.ActiveCfg = Release|Any CPU
		{490603CA-F8B2-4C1B-842F-6DBB5EE0D8F8}.Release|Mixed Platforms.Build.0 = Release|Any CPU
		{490603CA-F8B2-4C1B-842F-6DBB5EE0D8F8}.Release|x86.ActiveCfg = Release|Any CPU
		{CCB89CC8-CCFE-44FE-9367-CAE0ADEE5630}.Debug|Any CPU.ActiveCfg = Debug|Any CPU
		{CCB89CC8-CCFE-44FE-9367-CAE0ADEE5630}.Debug|Any CPU.Build.0 = Debug|Any CPU
		{CCB89CC8-CCFE-44FE-9367-CAE0ADEE5630}.Debug|Mixed Platforms.ActiveCfg = Debug|Any CPU
		{CCB89CC8-CCFE-44FE-9367-CAE0ADEE5630}.Debug|Mixed Platforms.Build.0 = Debug|Any CPU
		{CCB89CC8-CCFE-44FE-9367-CAE0ADEE5630}.Debug|x86.ActiveCfg = Debug|Any CPU
		{CCB89CC8-CCFE-44FE-9367-CAE0ADEE5630}.Release|Any CPU.ActiveCfg = Release|Any CPU
		{CCB89CC8-CCFE-44FE-9367-CAE0ADEE5630}.Release|Any CPU.Build.0 = Release|Any CPU
		{CCB89CC8-CCFE-44FE-9367-CAE0ADEE5630}.Release|Mixed Platforms.ActiveCfg = Release|Any CPU
		{CCB89CC8-CCFE-44FE-9367-CAE0ADEE5630}.Release|Mixed Platforms.Build.0 = Release|Any CPU
		{CCB89CC8-CCFE-44FE-9367-CAE0ADEE5630}.Release|x86.ActiveCfg = Release|Any CPU
		{0CE6297C-4342-4CBD-8486-8B5D23A915B6}.Debug|Any CPU.ActiveCfg = Debug|Any CPU
		{0CE6297C-4342-4CBD-8486-8B5D23A915B6}.Debug|Any CPU.Build.0 = Debug|Any CPU
		{0CE6297C-4342-4CBD-8486-8B5D23A915B6}.Debug|Mixed Platforms.ActiveCfg = Debug|Any CPU
		{0CE6297C-4342-4CBD-8486-8B5D23A915B6}.Debug|Mixed Platforms.Build.0 = Debug|Any CPU
		{0CE6297C-4342-4CBD-8486-8B5D23A915B6}.Debug|x86.ActiveCfg = Debug|Any CPU
		{0CE6297C-4342-4CBD-8486-8B5D23A915B6}.Release|Any CPU.ActiveCfg = Release|Any CPU
		{0CE6297C-4342-4CBD-8486-8B5D23A915B6}.Release|Any CPU.Build.0 = Release|Any CPU
		{0CE6297C-4342-4CBD-8486-8B5D23A915B6}.Release|Mixed Platforms.ActiveCfg = Release|Any CPU
		{0CE6297C-4342-4CBD-8486-8B5D23A915B6}.Release|Mixed Platforms.Build.0 = Release|Any CPU
		{0CE6297C-4342-4CBD-8486-8B5D23A915B6}.Release|x86.ActiveCfg = Release|Any CPU
	EndGlobalSection
	GlobalSection(SolutionProperties) = preSolution
		HideSolutionNode = FALSE
	EndGlobalSection
	GlobalSection(NestedProjects) = preSolution
		{7BD1F5D8-39BA-4312-8EBB-7C2D9D2A4DB0} = {D307EF66-CF3C-4C82-BCDA-78D6F809B5CB}
		{B1E13564-6ECA-4302-B897-4825E7E7D09C} = {D307EF66-CF3C-4C82-BCDA-78D6F809B5CB}
		{B414456F-98A6-4A31-B27B-259C346434AE} = {D307EF66-CF3C-4C82-BCDA-78D6F809B5CB}
		{28DB647C-4E18-4E97-AD17-8C06CCBBA13B} = {5E46EC29-C49F-4D74-9742-18FA9C35EDAF}
		{E3592097-2E44-463F-AB3C-06B394FA4784} = {5E46EC29-C49F-4D74-9742-18FA9C35EDAF}
		{D4D900DE-66A3-413B-9DA1-397623458BC2} = {D307EF66-CF3C-4C82-BCDA-78D6F809B5CB}
		{966668E3-A807-4BD8-92E8-05B2BB3D7A9F} = {D307EF66-CF3C-4C82-BCDA-78D6F809B5CB}
		{490603CA-F8B2-4C1B-842F-6DBB5EE0D8F8} = {D307EF66-CF3C-4C82-BCDA-78D6F809B5CB}
		{CCB89CC8-CCFE-44FE-9367-CAE0ADEE5630} = {B09DE2F9-9436-481F-AF90-95B41C0D4691}
		{0CE6297C-4342-4CBD-8486-8B5D23A915B6} = {B6CDF7EB-C594-492F-88F4-49074C7165D5}
	EndGlobalSection
EndGlobal
